
Microsoft Visual Studio Solution File, Format Version 12.00
# Visual Studio Version 16
VisualStudioVersion = 16.0.30204.135
MinimumVisualStudioVersion = 10.0.40219.1
Project("{FAE04EC0-301F-11D3-BF4B-00C04F79EFBC}") = "A", "A\A.csproj", "{A572B558-CEBB-4F2E-9D47-742F157FC056}"
EndProject
Project("{FAE04EC0-301F-11D3-BF4B-00C04F79EFBC}") = "B", "B\B.csproj", "{62D39AAA-5374-44C0-9DF3-09A9019523D2}"
EndProject
Project("{FAE04EC0-301F-11D3-BF4B-00C04F79EFBC}") = "Tests", "Tests\Tests.csproj", "{C70850C2-0EF0-44C2-9DFA-90F53DF8287C}"
EndProject
Global
	GlobalSection(SolutionConfigurationPlatforms) = preSolution
		Debug|Any CPU = Debug|Any CPU
		Release|Any CPU = Release|Any CPU
	EndGlobalSection
	GlobalSection(ProjectConfigurationPlatforms) = postSolution
		{A572B558-CEBB-4F2E-9D47-742F157FC056}.Debug|Any CPU.ActiveCfg = Debug|Any CPU
		{A572B558-CEBB-4F2E-9D47-742F157FC056}.Debug|Any CPU.Build.0 = Debug|Any CPU
		{A572B558-CEBB-4F2E-9D47-742F157FC056}.Release|Any CPU.ActiveCfg = Release|Any CPU
		{A572B558-CEBB-4F2E-9D47-742F157FC056}.Release|Any CPU.Build.0 = Release|Any CPU
		{62D39AAA-5374-44C0-9DF3-09A9019523D2}.Debug|Any CPU.ActiveCfg = Debug|Any CPU
		{62D39AAA-5374-44C0-9DF3-09A9019523D2}.Debug|Any CPU.Build.0 = Debug|Any CPU
		{62D39AAA-5374-44C0-9DF3-09A9019523D2}.Release|Any CPU.ActiveCfg = Release|Any CPU
		{62D39AAA-5374-44C0-9DF3-09A9019523D2}.Release|Any CPU.Build.0 = Release|Any CPU
		{C70850C2-0EF0-44C2-9DFA-90F53DF8287C}.Debug|Any CPU.ActiveCfg = Debug|Any CPU
		{C70850C2-0EF0-44C2-9DFA-90F53DF8287C}.Debug|Any CPU.Build.0 = Debug|Any CPU
		{C70850C2-0EF0-44C2-9DFA-90F53DF8287C}.Release|Any CPU.ActiveCfg = Release|Any CPU
		{C70850C2-0EF0-44C2-9DFA-90F53DF8287C}.Release|Any CPU.Build.0 = Release|Any CPU
	EndGlobalSection
	GlobalSection(SolutionProperties) = preSolution
		HideSolutionNode = FALSE
	EndGlobalSection
	GlobalSection(ExtensibilityGlobals) = postSolution
		SolutionGuid = {B8478D09-91B5-4DE7-9DBB-8A41634CDC96}
	EndGlobalSection
EndGlobal
